
Microsoft Visual Studio Solution File, Format Version 12.00
Project("{FAE04EC0-301F-11D3-BF4B-00C04F79EFBC}") = "OnlineClothingStore.Core", "OnlineClothingStore.Core\OnlineClothingStore.Core.csproj", "{80AD6DB8-475E-41CC-B51E-AEDE543D383B}"
EndProject
Project("{FAE04EC0-301F-11D3-BF4B-00C04F79EFBC}") = "OnlineClothingStore.Tests", "OnlineClothingStore.Tests\OnlineClothingStore.Tests.csproj", "{4F62A87C-5967-40EA-AB5B-C91238108B24}"
EndProject
Project("{FAE04EC0-301F-11D3-BF4B-00C04F79EFBC}") = "OnlineClothingStore.Web", "OnlineClothingStore.Web\OnlineClothingStore.Web.csproj", "{B8C904FC-001E-4168-A8E4-C39848DAD67D}"
EndProject
Global
	GlobalSection(SolutionConfigurationPlatforms) = preSolution
		Debug|Any CPU = Debug|Any CPU
		Release|Any CPU = Release|Any CPU
	EndGlobalSection
	GlobalSection(ProjectConfigurationPlatforms) = postSolution
		{80AD6DB8-475E-41CC-B51E-AEDE543D383B}.Debug|Any CPU.ActiveCfg = Debug|Any CPU
		{80AD6DB8-475E-41CC-B51E-AEDE543D383B}.Debug|Any CPU.Build.0 = Debug|Any CPU
		{80AD6DB8-475E-41CC-B51E-AEDE543D383B}.Release|Any CPU.ActiveCfg = Release|Any CPU
		{80AD6DB8-475E-41CC-B51E-AEDE543D383B}.Release|Any CPU.Build.0 = Release|Any CPU
		{4F62A87C-5967-40EA-AB5B-C91238108B24}.Debug|Any CPU.ActiveCfg = Debug|Any CPU
		{4F62A87C-5967-40EA-AB5B-C91238108B24}.Debug|Any CPU.Build.0 = Debug|Any CPU
		{4F62A87C-5967-40EA-AB5B-C91238108B24}.Release|Any CPU.ActiveCfg = Release|Any CPU
		{4F62A87C-5967-40EA-AB5B-C91238108B24}.Release|Any CPU.Build.0 = Release|Any CPU
		{B8C904FC-001E-4168-A8E4-C39848DAD67D}.Debug|Any CPU.ActiveCfg = Debug|Any CPU
		{B8C904FC-001E-4168-A8E4-C39848DAD67D}.Debug|Any CPU.Build.0 = Debug|Any CPU
		{B8C904FC-001E-4168-A8E4-C39848DAD67D}.Release|Any CPU.ActiveCfg = Release|Any CPU
		{B8C904FC-001E-4168-A8E4-C39848DAD67D}.Release|Any CPU.Build.0 = Release|Any CPU
	EndGlobalSection
EndGlobal
